
Microsoft Visual Studio Solution File, Format Version 12.00
# Visual Studio 15
VisualStudioVersion = 15.0.26403.3
MinimumVisualStudioVersion = 10.0.40219.1
Project("{9A19103F-16F7-4668-BE54-9A1E7A4F7556}") = "Ddk.Web", "Ddk.Web\Ddk.Web.csproj", "{4022DF44-89A2-4CBB-8DA0-3373021FA5FB}"
EndProject
Global
	GlobalSection(SolutionConfigurationPlatforms) = preSolution
		Debug Notifications|Any CPU = Debug Notifications|Any CPU
		Debug Web|Any CPU = Debug Web|Any CPU
		Debug|Any CPU = Debug|Any CPU
		Release|Any CPU = Release|Any CPU
	EndGlobalSection
	GlobalSection(ProjectConfigurationPlatforms) = postSolution
		{4022DF44-89A2-4CBB-8DA0-3373021FA5FB}.Debug Notifications|Any CPU.ActiveCfg = Debug|Any CPU
		{4022DF44-89A2-4CBB-8DA0-3373021FA5FB}.Debug Web|Any CPU.ActiveCfg = Debug|Any CPU
		{4022DF44-89A2-4CBB-8DA0-3373021FA5FB}.Debug|Any CPU.ActiveCfg = Debug|Any CPU
		{4022DF44-89A2-4CBB-8DA0-3373021FA5FB}.Debug|Any CPU.Build.0 = Debug|Any CPU
		{4022DF44-89A2-4CBB-8DA0-3373021FA5FB}.Release|Any CPU.ActiveCfg = Release|Any CPU
		{4022DF44-89A2-4CBB-8DA0-3373021FA5FB}.Release|Any CPU.Build.0 = Release|Any CPU
	EndGlobalSection
	GlobalSection(SolutionProperties) = preSolution
		HideSolutionNode = FALSE
	EndGlobalSection
EndGlobal
